
Microsoft Visual Studio Solution File, Format Version 12.00
# Visual Studio 2012
Project("{FAE04EC0-301F-11D3-BF4B-00C04F79EFBC}") = "May", "May\May.csproj", "{37468DFC-8378-4F4F-94F2-39F5C1AB8C5A}"
EndProject
Project("{FAE04EC0-301F-11D3-BF4B-00C04F79EFBC}") = "MayTest", "MayTest\MayTest.csproj", "{B27038A2-7CFF-41B0-8FB6-DD38BBBD740C}"
EndProject
Project("{FAE04EC0-301F-11D3-BF4B-00C04F79EFBC}") = "MayExample", "MayExample\MayExample.csproj", "{D7365D22-E675-4319-8A9C-779497B852AD}"
EndProject
Global
	GlobalSection(SolutionConfigurationPlatforms) = preSolution
		Debug|Any CPU = Debug|Any CPU
		Release|Any CPU = Release|Any CPU
	EndGlobalSection
	GlobalSection(ProjectConfigurationPlatforms) = postSolution
		{37468DFC-8378-4F4F-94F2-39F5C1AB8C5A}.Debug|Any CPU.ActiveCfg = Debug|Any CPU
		{37468DFC-8378-4F4F-94F2-39F5C1AB8C5A}.Debug|Any CPU.Build.0 = Debug|Any CPU
		{37468DFC-8378-4F4F-94F2-39F5C1AB8C5A}.Release|Any CPU.ActiveCfg = Release|Any CPU
		{37468DFC-8378-4F4F-94F2-39F5C1AB8C5A}.Release|Any CPU.Build.0 = Release|Any CPU
		{B27038A2-7CFF-41B0-8FB6-DD38BBBD740C}.Debug|Any CPU.ActiveCfg = Debug|Any CPU
		{B27038A2-7CFF-41B0-8FB6-DD38BBBD740C}.Debug|Any CPU.Build.0 = Debug|Any CPU
		{B27038A2-7CFF-41B0-8FB6-DD38BBBD740C}.Release|Any CPU.ActiveCfg = Release|Any CPU
		{B27038A2-7CFF-41B0-8FB6-DD38BBBD740C}.Release|Any CPU.Build.0 = Release|Any CPU
		{D7365D22-E675-4319-8A9C-779497B852AD}.Debug|Any CPU.ActiveCfg = Debug|Any CPU
		{D7365D22-E675-4319-8A9C-779497B852AD}.Debug|Any CPU.Build.0 = Debug|Any CPU
		{D7365D22-E675-4319-8A9C-779497B852AD}.Release|Any CPU.ActiveCfg = Release|Any CPU
		{D7365D22-E675-4319-8A9C-779497B852AD}.Release|Any CPU.Build.0 = Release|Any CPU
	EndGlobalSection
	GlobalSection(SolutionProperties) = preSolution
		HideSolutionNode = FALSE
	EndGlobalSection
EndGlobal
